
Microsoft Visual Studio Solution File, Format Version 12.00
# Visual Studio Version 17
VisualStudioVersion = 17.11.35312.102
MinimumVisualStudioVersion = 10.0.40219.1
Project("{8BC9CEB8-8B4A-11D0-8D11-00A0C91BC942}") = "IncreasingSeriesSearch", "IncreasingSeriesSearch\IncreasingSeriesSearch.vcxproj", "{E1C6EFEB-4472-4BD3-8B05-92CBEC29783C}"
EndProject
Global
	GlobalSection(SolutionConfigurationPlatforms) = preSolution
		Debug|x64 = Debug|x64
		Release|x64 = Release|x64
	EndGlobalSection
	GlobalSection(ProjectConfigurationPlatforms) = postSolution
		{E1C6EFEB-4472-4BD3-8B05-92CBEC29783C}.Debug|x64.ActiveCfg = Debug|x64
		{E1C6EFEB-4472-4BD3-8B05-92CBEC29783C}.Debug|x64.Build.0 = Debug|x64
		{E1C6EFEB-4472-4BD3-8B05-92CBEC29783C}.Release|x64.ActiveCfg = Release|x64
		{E1C6EFEB-4472-4BD3-8B05-92CBEC29783C}.Release|x64.Build.0 = Release|x64
	EndGlobalSection
	GlobalSection(SolutionProperties) = preSolution
		HideSolutionNode = FALSE
	EndGlobalSection
	GlobalSection(ExtensibilityGlobals) = postSolution
		SolutionGuid = {3231B834-A632-446B-9124-5A5B8968BE20}
	EndGlobalSection
EndGlobal
